// !$*UTF8*$!
{
	archiveVersion = 1;
	classes = {
	};
	objectVersion = 56;
	objects = {

/* Begin PBXBuildFile section */
		AA7568EE2C8DFFA000325D4B /* gratifyApp.swift in Sources */ = {isa = PBXBuildFile; fileRef = AA7568ED2C8DFFA000325D4B /* gratifyApp.swift */; };
		AA7568F02C8DFFA000325D4B /* ContentView.swift in Sources */ = {isa = PBXBuildFile; fileRef = AA7568EF2C8DFFA000325D4B /* ContentView.swift */; };
		AA7568F22C8DFFA100325D4B /* Assets.xcassets in Resources */ = {isa = PBXBuildFile; fileRef = AA7568F12C8DFFA100325D4B /* Assets.xcassets */; };
		AA7568F52C8DFFA100325D4B /* Preview Assets.xcassets in Resources */ = {isa = PBXBuildFile; fileRef = AA7568F42C8DFFA100325D4B /* Preview Assets.xcassets */; };
		AA7569192C8E003100325D4B /* HomeView.swift in Sources */ = {isa = PBXBuildFile; fileRef = AA7569182C8E003100325D4B /* HomeView.swift */; };
		AA75691C2C8E00B500325D4B /* ViewModel.swift in Sources */ = {isa = PBXBuildFile; fileRef = AA75691B2C8E00B500325D4B /* ViewModel.swift */; };
		AA75691F2C8E00D500325D4B /* DailyEntry.swift in Sources */ = {isa = PBXBuildFile; fileRef = AA75691E2C8E00D500325D4B /* DailyEntry.swift */; };
		AA7569212C8E01DF00325D4B /* RatingView1.swift in Sources */ = {isa = PBXBuildFile; fileRef = AA7569202C8E01DF00325D4B /* RatingView1.swift */; };
		AA7569232C8E023800325D4B /* RatingView2.swift in Sources */ = {isa = PBXBuildFile; fileRef = AA7569222C8E023800325D4B /* RatingView2.swift */; };
		AA7569252C8E026400325D4B /* TutorialView.swift in Sources */ = {isa = PBXBuildFile; fileRef = AA7569242C8E026400325D4B /* TutorialView.swift */; };
		AA7569272C8E028E00325D4B /* SettingsView.swift in Sources */ = {isa = PBXBuildFile; fileRef = AA7569262C8E028E00325D4B /* SettingsView.swift */; };
		AA75692B2C8E030D00325D4B /* EntriesView.swift in Sources */ = {isa = PBXBuildFile; fileRef = AA75692A2C8E030D00325D4B /* EntriesView.swift */; };
/* End PBXBuildFile section */

/* Begin PBXContainerItemProxy section */
		AA7568FB2C8DFFA100325D4B /* PBXContainerItemProxy */ = {
			isa = PBXContainerItemProxy;
			containerPortal = AA7568E22C8DFFA000325D4B /* Project object */;
			proxyType = 1;
			remoteGlobalIDString = AA7568E92C8DFFA000325D4B;
			remoteInfo = gratify;
		};
		AA7569052C8DFFA100325D4B /* PBXContainerItemProxy */ = {
			isa = PBXContainerItemProxy;
			containerPortal = AA7568E22C8DFFA000325D4B /* Project object */;
			proxyType = 1;
			remoteGlobalIDString = AA7568E92C8DFFA000325D4B;
			remoteInfo = gratify;
		};
/* End PBXContainerItemProxy section */

/* Begin PBXFileReference section */
		AA7568EA2C8DFFA000325D4B /* gratify.app */ = {isa = PBXFileReference; explicitFileType = wrapper.application; includeInIndex = 0; path = gratify.app; sourceTree = BUILT_PRODUCTS_DIR; };
		AA7568ED2C8DFFA000325D4B /* gratifyApp.swift */ = {isa = PBXFileReference; lastKnownFileType = sourcecode.swift; path = gratifyApp.swift; sourceTree = "<group>"; };
		AA7568EF2C8DFFA000325D4B /* ContentView.swift */ = {isa = PBXFileReference; lastKnownFileType = sourcecode.swift; path = ContentView.swift; sourceTree = "<group>"; };
		AA7568F12C8DFFA100325D4B /* Assets.xcassets */ = {isa = PBXFileReference; lastKnownFileType = folder.assetcatalog; path = Assets.xcassets; sourceTree = "<group>"; };
		AA7568F42C8DFFA100325D4B /* Preview Assets.xcassets */ = {isa = PBXFileReference; lastKnownFileType = folder.assetcatalog; path = "Preview Assets.xcassets"; sourceTree = "<group>"; };
		AA7568FA2C8DFFA100325D4B /* gratifyTests.xctest */ = {isa = PBXFileReference; explicitFileType = wrapper.cfbundle; includeInIndex = 0; path = gratifyTests.xctest; sourceTree = BUILT_PRODUCTS_DIR; };
		AA7569042C8DFFA100325D4B /* gratifyUITests.xctest */ = {isa = PBXFileReference; explicitFileType = wrapper.cfbundle; includeInIndex = 0; path = gratifyUITests.xctest; sourceTree = BUILT_PRODUCTS_DIR; };
		AA7569182C8E003100325D4B /* HomeView.swift */ = {isa = PBXFileReference; lastKnownFileType = sourcecode.swift; path = HomeView.swift; sourceTree = "<group>"; };
		AA75691B2C8E00B500325D4B /* ViewModel.swift */ = {isa = PBXFileReference; lastKnownFileType = sourcecode.swift; path = ViewModel.swift; sourceTree = "<group>"; };
		AA75691E2C8E00D500325D4B /* DailyEntry.swift */ = {isa = PBXFileReference; lastKnownFileType = sourcecode.swift; path = DailyEntry.swift; sourceTree = "<group>"; };
		AA7569202C8E01DF00325D4B /* RatingView1.swift */ = {isa = PBXFileReference; lastKnownFileType = sourcecode.swift; path = RatingView1.swift; sourceTree = "<group>"; };
		AA7569222C8E023800325D4B /* RatingView2.swift */ = {isa = PBXFileReference; lastKnownFileType = sourcecode.swift; path = RatingView2.swift; sourceTree = "<group>"; };
		AA7569242C8E026400325D4B /* TutorialView.swift */ = {isa = PBXFileReference; lastKnownFileType = sourcecode.swift; path = TutorialView.swift; sourceTree = "<group>"; };
		AA7569262C8E028E00325D4B /* SettingsView.swift */ = {isa = PBXFileReference; lastKnownFileType = sourcecode.swift; path = SettingsView.swift; sourceTree = "<group>"; };
		AA75692A2C8E030D00325D4B /* EntriesView.swift */ = {isa = PBXFileReference; lastKnownFileType = sourcecode.swift; path = EntriesView.swift; sourceTree = "<group>"; };
/* End PBXFileReference section */

/* Begin PBXFrameworksBuildPhase section */
		AA7568E72C8DFFA000325D4B /* Frameworks */ = {
			isa = PBXFrameworksBuildPhase;
			buildActionMask = 2147483647;
			files = (
			);
			runOnlyForDeploymentPostprocessing = 0;
		};
		AA7568F72C8DFFA100325D4B /* Frameworks */ = {
			isa = PBXFrameworksBuildPhase;
			buildActionMask = 2147483647;
			files = (
			);
			runOnlyForDeploymentPostprocessing = 0;
		};
		AA7569012C8DFFA100325D4B /* Frameworks */ = {
			isa = PBXFrameworksBuildPhase;
			buildActionMask = 2147483647;
			files = (
			);
			runOnlyForDeploymentPostprocessing = 0;
		};
/* End PBXFrameworksBuildPhase section */

/* Begin PBXGroup section */
		AA7568E12C8DFFA000325D4B = {
			isa = PBXGroup;
			children = (
				AA75691D2C8E00C900325D4B /* Model */,
				AA75691A2C8E009300325D4B /* ViewModel */,
				AA7569172C8E002400325D4B /* View */,
				AA7568EC2C8DFFA000325D4B /* gratify */,
				AA7568EB2C8DFFA000325D4B /* Products */,
			);
			sourceTree = "<group>";
		};
		AA7568EB2C8DFFA000325D4B /* Products */ = {
			isa = PBXGroup;
			children = (
				AA7568EA2C8DFFA000325D4B /* gratify.app */,
				AA7568FA2C8DFFA100325D4B /* gratifyTests.xctest */,
				AA7569042C8DFFA100325D4B /* gratifyUITests.xctest */,
			);
			name = Products;
			sourceTree = "<group>";
		};
		AA7568EC2C8DFFA000325D4B /* gratify */ = {
			isa = PBXGroup;
			children = (
				AA7568ED2C8DFFA000325D4B /* gratifyApp.swift */,
				AA7568EF2C8DFFA000325D4B /* ContentView.swift */,
				AA7568F12C8DFFA100325D4B /* Assets.xcassets */,
				AA7568F32C8DFFA100325D4B /* Preview Content */,
			);
			path = gratify;
			sourceTree = "<group>";
		};
		AA7568F32C8DFFA100325D4B /* Preview Content */ = {
			isa = PBXGroup;
			children = (
				AA7568F42C8DFFA100325D4B /* Preview Assets.xcassets */,
			);
			path = "Preview Content";
			sourceTree = "<group>";
		};
		AA7569172C8E002400325D4B /* View */ = {
			isa = PBXGroup;
			children = (
				AA7569182C8E003100325D4B /* HomeView.swift */,
				AA7569202C8E01DF00325D4B /* RatingView1.swift */,
				AA75692A2C8E030D00325D4B /* EntriesView.swift */,
				AA7569222C8E023800325D4B /* RatingView2.swift */,
				AA7569242C8E026400325D4B /* TutorialView.swift */,
				AA7569262C8E028E00325D4B /* SettingsView.swift */,
			);
			path = View;
			sourceTree = "<group>";
		};
		AA75691A2C8E009300325D4B /* ViewModel */ = {
			isa = PBXGroup;
			children = (
				AA75691B2C8E00B500325D4B /* ViewModel.swift */,
			);
			path = ViewModel;
			sourceTree = "<group>";
		};
		AA75691D2C8E00C900325D4B /* Model */ = {
			isa = PBXGroup;
			children = (
				AA75691E2C8E00D500325D4B /* DailyEntry.swift */,
			);
			path = Model;
			sourceTree = "<group>";
		};
/* End PBXGroup section */

/* Begin PBXNativeTarget section */
		AA7568E92C8DFFA000325D4B /* gratify */ = {
			isa = PBXNativeTarget;
			buildConfigurationList = AA75690E2C8DFFA100325D4B /* Build configuration list for PBXNativeTarget "gratify" */;
			buildPhases = (
				AA7568E62C8DFFA000325D4B /* Sources */,
				AA7568E72C8DFFA000325D4B /* Frameworks */,
				AA7568E82C8DFFA000325D4B /* Resources */,
			);
			buildRules = (
			);
			dependencies = (
			);
			name = gratify;
			productName = gratify;
			productReference = AA7568EA2C8DFFA000325D4B /* gratify.app */;
			productType = "com.apple.product-type.application";
		};
		AA7568F92C8DFFA100325D4B /* gratifyTests */ = {
			isa = PBXNativeTarget;
			buildConfigurationList = AA7569112C8DFFA100325D4B /* Build configuration list for PBXNativeTarget "gratifyTests" */;
			buildPhases = (
				AA7568F62C8DFFA100325D4B /* Sources */,
				AA7568F72C8DFFA100325D4B /* Frameworks */,
				AA7568F82C8DFFA100325D4B /* Resources */,
			);
			buildRules = (
			);
			dependencies = (
				AA7568FC2C8DFFA100325D4B /* PBXTargetDependency */,
			);
			name = gratifyTests;
			productName = gratifyTests;
			productReference = AA7568FA2C8DFFA100325D4B /* gratifyTests.xctest */;
			productType = "com.apple.product-type.bundle.unit-test";
		};
		AA7569032C8DFFA100325D4B /* gratifyUITests */ = {
			isa = PBXNativeTarget;
			buildConfigurationList = AA7569142C8DFFA100325D4B /* Build configuration list for PBXNativeTarget "gratifyUITests" */;
			buildPhases = (
				AA7569002C8DFFA100325D4B /* Sources */,
				AA7569012C8DFFA100325D4B /* Frameworks */,
				AA7569022C8DFFA100325D4B /* Resources */,
			);
			buildRules = (
			);
			dependencies = (
				AA7569062C8DFFA100325D4B /* PBXTargetDependency */,
			);
			name = gratifyUITests;
			productName = gratifyUITests;
			productReference = AA7569042C8DFFA100325D4B /* gratifyUITests.xctest */;
			productType = "com.apple.product-type.bundle.ui-testing";
		};
/* End PBXNativeTarget section */

/* Begin PBXProject section */
		AA7568E22C8DFFA000325D4B /* Project object */ = {
			isa = PBXProject;
			attributes = {
				BuildIndependentTargetsInParallel = 1;
				LastSwiftUpdateCheck = 1540;
				LastUpgradeCheck = 1540;
				TargetAttributes = {
					AA7568E92C8DFFA000325D4B = {
						CreatedOnToolsVersion = 15.4;
					};
					AA7568F92C8DFFA100325D4B = {
						CreatedOnToolsVersion = 15.4;
						TestTargetID = AA7568E92C8DFFA000325D4B;
					};
					AA7569032C8DFFA100325D4B = {
						CreatedOnToolsVersion = 15.4;
						TestTargetID = AA7568E92C8DFFA000325D4B;
					};
				};
			};
			buildConfigurationList = AA7568E52C8DFFA000325D4B /* Build configuration list for PBXProject "gratify" */;
			compatibilityVersion = "Xcode 14.0";
			developmentRegion = en;
			hasScannedForEncodings = 0;
			knownRegions = (
				en,
				Base,
			);
			mainGroup = AA7568E12C8DFFA000325D4B;
			productRefGroup = AA7568EB2C8DFFA000325D4B /* Products */;
			projectDirPath = "";
			projectRoot = "";
			targets = (
				AA7568E92C8DFFA000325D4B /* gratify */,
				AA7568F92C8DFFA100325D4B /* gratifyTests */,
				AA7569032C8DFFA100325D4B /* gratifyUITests */,
			);
		};
/* End PBXProject section */

/* Begin PBXResourcesBuildPhase section */
		AA7568E82C8DFFA000325D4B /* Resources */ = {
			isa = PBXResourcesBuildPhase;
			buildActionMask = 2147483647;
			files = (
				AA7568F52C8DFFA100325D4B /* Preview Assets.xcassets in Resources */,
				AA7568F22C8DFFA100325D4B /* Assets.xcassets in Resources */,
			);
			runOnlyForDeploymentPostprocessing = 0;
		};
		AA7568F82C8DFFA100325D4B /* Resources */ = {
			isa = PBXResourcesBuildPhase;
			buildActionMask = 2147483647;
			files = (
			);
			runOnlyForDeploymentPostprocessing = 0;
		};
		AA7569022C8DFFA100325D4B /* Resources */ = {
			isa = PBXResourcesBuildPhase;
			buildActionMask = 2147483647;
			files = (
			);
			runOnlyForDeploymentPostprocessing = 0;
		};
/* End PBXResourcesBuildPhase section */

/* Begin PBXSourcesBuildPhase section */
		AA7568E62C8DFFA000325D4B /* Sources */ = {
			isa = PBXSourcesBuildPhase;
			buildActionMask = 2147483647;
			files = (
				AA75691F2C8E00D500325D4B /* DailyEntry.swift in Sources */,
				AA7569212C8E01DF00325D4B /* RatingView1.swift in Sources */,
				AA7569232C8E023800325D4B /* RatingView2.swift in Sources */,
				AA7569272C8E028E00325D4B /* SettingsView.swift in Sources */,
				AA7568F02C8DFFA000325D4B /* ContentView.swift in Sources */,
				AA7569252C8E026400325D4B /* TutorialView.swift in Sources */,
				AA7569192C8E003100325D4B /* HomeView.swift in Sources */,
				AA75691C2C8E00B500325D4B /* ViewModel.swift in Sources */,
				AA7568EE2C8DFFA000325D4B /* gratifyApp.swift in Sources */,
				AA75692B2C8E030D00325D4B /* EntriesView.swift in Sources */,
			);
			runOnlyForDeploymentPostprocessing = 0;
		};
		AA7568F62C8DFFA100325D4B /* Sources */ = {
			isa = PBXSourcesBuildPhase;
			buildActionMask = 2147483647;
			files = (
			);
			runOnlyForDeploymentPostprocessing = 0;
		};
		AA7569002C8DFFA100325D4B /* Sources */ = {
			isa = PBXSourcesBuildPhase;
			buildActionMask = 2147483647;
			files = (
			);
			runOnlyForDeploymentPostprocessing = 0;
		};
/* End PBXSourcesBuildPhase section */

/* Begin PBXTargetDependency section */
		AA7568FC2C8DFFA100325D4B /* PBXTargetDependency */ = {
			isa = PBXTargetDependency;
			target = AA7568E92C8DFFA000325D4B /* gratify */;
			targetProxy = AA7568FB2C8DFFA100325D4B /* PBXContainerItemProxy */;
		};
		AA7569062C8DFFA100325D4B /* PBXTargetDependency */ = {
			isa = PBXTargetDependency;
			target = AA7568E92C8DFFA000325D4B /* gratify */;
			targetProxy = AA7569052C8DFFA100325D4B /* PBXContainerItemProxy */;
		};
/* End PBXTargetDependency section */

/* Begin XCBuildConfiguration section */
		AA75690C2C8DFFA100325D4B /* Debug */ = {
			isa = XCBuildConfiguration;
			buildSettings = {
				ALWAYS_SEARCH_USER_PATHS = NO;
				ASSETCATALOG_COMPILER_GENERATE_SWIFT_ASSET_SYMBOL_EXTENSIONS = YES;
				CLANG_ANALYZER_NONNULL = YES;
				CLANG_ANALYZER_NUMBER_OBJECT_CONVERSION = YES_AGGRESSIVE;
				CLANG_CXX_LANGUAGE_STANDARD = "gnu++20";
				CLANG_ENABLE_MODULES = YES;
				CLANG_ENABLE_OBJC_ARC = YES;
				CLANG_ENABLE_OBJC_WEAK = YES;
				CLANG_WARN_BLOCK_CAPTURE_AUTORELEASING = YES;
				CLANG_WARN_BOOL_CONVERSION = YES;
				CLANG_WARN_COMMA = YES;
				CLANG_WARN_CONSTANT_CONVERSION = YES;
				CLANG_WARN_DEPRECATED_OBJC_IMPLEMENTATIONS = YES;
				CLANG_WARN_DIRECT_OBJC_ISA_USAGE = YES_ERROR;
				CLANG_WARN_DOCUMENTATION_COMMENTS = YES;
				CLANG_WARN_EMPTY_BODY = YES;
				CLANG_WARN_ENUM_CONVERSION = YES;
				CLANG_WARN_INFINITE_RECURSION = YES;
				CLANG_WARN_INT_CONVERSION = YES;
				CLANG_WARN_NON_LITERAL_NULL_CONVERSION = YES;
				CLANG_WARN_OBJC_IMPLICIT_RETAIN_SELF = YES;
				CLANG_WARN_OBJC_LITERAL_CONVERSION = YES;
				CLANG_WARN_OBJC_ROOT_CLASS = YES_ERROR;
				CLANG_WARN_QUOTED_INCLUDE_IN_FRAMEWORK_HEADER = YES;
				CLANG_WARN_RANGE_LOOP_ANALYSIS = YES;
				CLANG_WARN_STRICT_PROTOTYPES = YES;
				CLANG_WARN_SUSPICIOUS_MOVE = YES;
				CLANG_WARN_UNGUARDED_AVAILABILITY = YES_AGGRESSIVE;
				CLANG_WARN_UNREACHABLE_CODE = YES;
				CLANG_WARN__DUPLICATE_METHOD_MATCH = YES;
				COPY_PHASE_STRIP = NO;
				DEBUG_INFORMATION_FORMAT = dwarf;
				ENABLE_STRICT_OBJC_MSGSEND = YES;
				ENABLE_TESTABILITY = YES;
				ENABLE_USER_SCRIPT_SANDBOXING = YES;
				GCC_C_LANGUAGE_STANDARD = gnu17;
				GCC_DYNAMIC_NO_PIC = NO;
				GCC_NO_COMMON_BLOCKS = YES;
				GCC_OPTIMIZATION_LEVEL = 0;
				GCC_PREPROCESSOR_DEFINITIONS = (
					"DEBUG=1",
					"$(inherited)",
				);
				GCC_WARN_64_TO_32_BIT_CONVERSION = YES;
				GCC_WARN_ABOUT_RETURN_TYPE = YES_ERROR;
				GCC_WARN_UNDECLARED_SELECTOR = YES;
				GCC_WARN_UNINITIALIZED_AUTOS = YES_AGGRESSIVE;
				GCC_WARN_UNUSED_FUNCTION = YES;
				GCC_WARN_UNUSED_VARIABLE = YES;
				IPHONEOS_DEPLOYMENT_TARGET = 17.5;
				LOCALIZATION_PREFERS_STRING_CATALOGS = YES;
				MTL_ENABLE_DEBUG_INFO = INCLUDE_SOURCE;
				MTL_FAST_MATH = YES;
				ONLY_ACTIVE_ARCH = YES;
				SDKROOT = iphoneos;
				SWIFT_ACTIVE_COMPILATION_CONDITIONS = "DEBUG $(inherited)";
				SWIFT_OPTIMIZATION_LEVEL = "-Onone";
			};
			name = Debug;
		};
		AA75690D2C8DFFA100325D4B /* Release */ = {
			isa = XCBuildConfiguration;
			buildSettings = {
				ALWAYS_SEARCH_USER_PATHS = NO;
				ASSETCATALOG_COMPILER_GENERATE_SWIFT_ASSET_SYMBOL_EXTENSIONS = YES;
				CLANG_ANALYZER_NONNULL = YES;
				CLANG_ANALYZER_NUMBER_OBJECT_CONVERSION = YES_AGGRESSIVE;
				CLANG_CXX_LANGUAGE_STANDARD = "gnu++20";
				CLANG_ENABLE_MODULES = YES;
				CLANG_ENABLE_OBJC_ARC = YES;
				CLANG_ENABLE_OBJC_WEAK = YES;
				CLANG_WARN_BLOCK_CAPTURE_AUTORELEASING = YES;
				CLANG_WARN_BOOL_CONVERSION = YES;
				CLANG_WARN_COMMA = YES;
				CLANG_WARN_CONSTANT_CONVERSION = YES;
				CLANG_WARN_DEPRECATED_OBJC_IMPLEMENTATIONS = YES;
				CLANG_WARN_DIRECT_OBJC_ISA_USAGE = YES_ERROR;
				CLANG_WARN_DOCUMENTATION_COMMENTS = YES;
				CLANG_WARN_EMPTY_BODY = YES;
				CLANG_WARN_ENUM_CONVERSION = YES;
				CLANG_WARN_INFINITE_RECURSION = YES;
				CLANG_WARN_INT_CONVERSION = YES;
				CLANG_WARN_NON_LITERAL_NULL_CONVERSION = YES;
				CLANG_WARN_OBJC_IMPLICIT_RETAIN_SELF = YES;
				CLANG_WARN_OBJC_LITERAL_CONVERSION = YES;
				CLANG_WARN_OBJC_ROOT_CLASS = YES_ERROR;
				CLANG_WARN_QUOTED_INCLUDE_IN_FRAMEWORK_HEADER = YES;
				CLANG_WARN_RANGE_LOOP_ANALYSIS = YES;
				CLANG_WARN_STRICT_PROTOTYPES = YES;
				CLANG_WARN_SUSPICIOUS_MOVE = YES;
				CLANG_WARN_UNGUARDED_AVAILABILITY = YES_AGGRESSIVE;
				CLANG_WARN_UNREACHABLE_CODE = YES;
				CLANG_WARN__DUPLICATE_METHOD_MATCH = YES;
				COPY_PHASE_STRIP = NO;
				DEBUG_INFORMATION_FORMAT = "dwarf-with-dsym";
				ENABLE_NS_ASSERTIONS = NO;
				ENABLE_STRICT_OBJC_MSGSEND = YES;
				ENABLE_USER_SCRIPT_SANDBOXING = YES;
				GCC_C_LANGUAGE_STANDARD = gnu17;
				GCC_NO_COMMON_BLOCKS = YES;
				GCC_WARN_64_TO_32_BIT_CONVERSION = YES;
				GCC_WARN_ABOUT_RETURN_TYPE = YES_ERROR;
				GCC_WARN_UNDECLARED_SELECTOR = YES;
				GCC_WARN_UNINITIALIZED_AUTOS = YES_AGGRESSIVE;
				GCC_WARN_UNUSED_FUNCTION = YES;
				GCC_WARN_UNUSED_VARIABLE = YES;
				IPHONEOS_DEPLOYMENT_TARGET = 17.5;
				LOCALIZATION_PREFERS_STRING_CATALOGS = YES;
				MTL_ENABLE_DEBUG_INFO = NO;
				MTL_FAST_MATH = YES;
				SDKROOT = iphoneos;
				SWIFT_COMPILATION_MODE = wholemodule;
				VALIDATE_PRODUCT = YES;
			};
			name = Release;
		};
		AA75690F2C8DFFA100325D4B /* Debug */ = {
			isa = XCBuildConfiguration;
			buildSettings = {
				ASSETCATALOG_COMPILER_APPICON_NAME = AppIcon;
				ASSETCATALOG_COMPILER_GLOBAL_ACCENT_COLOR_NAME = AccentColor;
				CODE_SIGN_STYLE = Automatic;
				CURRENT_PROJECT_VERSION = 1;
				DEVELOPMENT_ASSET_PATHS = "\"gratify/Preview Content\"";
				DEVELOPMENT_TEAM = Q7KF42KCDM;
				ENABLE_PREVIEWS = YES;
				GENERATE_INFOPLIST_FILE = YES;
				INFOPLIST_KEY_UIApplicationSceneManifest_Generation = YES;
				INFOPLIST_KEY_UIApplicationSupportsIndirectInputEvents = YES;
				INFOPLIST_KEY_UILaunchScreen_Generation = YES;
				INFOPLIST_KEY_UISupportedInterfaceOrientations_iPad = "UIInterfaceOrientationPortrait UIInterfaceOrientationPortraitUpsideDown UIInterfaceOrientationLandscapeLeft UIInterfaceOrientationLandscapeRight";
				INFOPLIST_KEY_UISupportedInterfaceOrientations_iPhone = "UIInterfaceOrientationPortrait UIInterfaceOrientationLandscapeLeft UIInterfaceOrientationLandscapeRight";
				LD_RUNPATH_SEARCH_PATHS = (
					"$(inherited)",
					"@executable_path/Frameworks",
				);
				MARKETING_VERSION = 1.0;
				PRODUCT_BUNDLE_IDENTIFIER = dan.gratify;
				PRODUCT_NAME = "$(TARGET_NAME)";
				SWIFT_EMIT_LOC_STRINGS = YES;
				SWIFT_VERSION = 5.0;
				TARGETED_DEVICE_FAMILY = "1,2";
			};
			name = Debug;
		};
		AA7569102C8DFFA100325D4B /* Release */ = {
			isa = XCBuildConfiguration;
			buildSettings = {
				ASSETCATALOG_COMPILER_APPICON_NAME = AppIcon;
				ASSETCATALOG_COMPILER_GLOBAL_ACCENT_COLOR_NAME = AccentColor;
				CODE_SIGN_STYLE = Automatic;
				CURRENT_PROJECT_VERSION = 1;
				DEVELOPMENT_ASSET_PATHS = "\"gratify/Preview Content\"";
				DEVELOPMENT_TEAM = Q7KF42KCDM;
				ENABLE_PREVIEWS = YES;
				GENERATE_INFOPLIST_FILE = YES;
				INFOPLIST_KEY_UIApplicationSceneManifest_Generation = YES;
				INFOPLIST_KEY_UIApplicationSupportsIndirectInputEvents = YES;
				INFOPLIST_KEY_UILaunchScreen_Generation = YES;
				INFOPLIST_KEY_UISupportedInterfaceOrientations_iPad = "UIInterfaceOrientationPortrait UIInterfaceOrientationPortraitUpsideDown UIInterfaceOrientationLandscapeLeft UIInterfaceOrientationLandscapeRight";
				INFOPLIST_KEY_UISupportedInterfaceOrientations_iPhone = "UIInterfaceOrientationPortrait UIInterfaceOrientationLandscapeLeft UIInterfaceOrientationLandscapeRight";
				LD_RUNPATH_SEARCH_PATHS = (
					"$(inherited)",
					"@executable_path/Frameworks",
				);
				MARKETING_VERSION = 1.0;
				PRODUCT_BUNDLE_IDENTIFIER = dan.gratify;
				PRODUCT_NAME = "$(TARGET_NAME)";
				SWIFT_EMIT_LOC_STRINGS = YES;
				SWIFT_VERSION = 5.0;
				TARGETED_DEVICE_FAMILY = "1,2";
			};
			name = Release;
		};
		AA7569122C8DFFA100325D4B /* Debug */ = {
			isa = XCBuildConfiguration;
			buildSettings = {
				ALWAYS_EMBED_SWIFT_STANDARD_LIBRARIES = YES;
				BUNDLE_LOADER = "$(TEST_HOST)";
				CODE_SIGN_STYLE = Automatic;
				CURRENT_PROJECT_VERSION = 1;
				DEVELOPMENT_TEAM = Q7KF42KCDM;
				GENERATE_INFOPLIST_FILE = YES;
				IPHONEOS_DEPLOYMENT_TARGET = 17.5;
				MARKETING_VERSION = 1.0;
				PRODUCT_BUNDLE_IDENTIFIER = dan.gratifyTests;
				PRODUCT_NAME = "$(TARGET_NAME)";
				SWIFT_EMIT_LOC_STRINGS = NO;
				SWIFT_VERSION = 5.0;
				TARGETED_DEVICE_FAMILY = "1,2";
				TEST_HOST = "$(BUILT_PRODUCTS_DIR)/gratify.app/$(BUNDLE_EXECUTABLE_FOLDER_PATH)/gratify";
			};
			name = Debug;
		};
		AA7569132C8DFFA100325D4B /* Release */ = {
			isa = XCBuildConfiguration;
			buildSettings = {
				ALWAYS_EMBED_SWIFT_STANDARD_LIBRARIES = YES;
				BUNDLE_LOADER = "$(TEST_HOST)";
				CODE_SIGN_STYLE = Automatic;
				CURRENT_PROJECT_VERSION = 1;
				DEVELOPMENT_TEAM = Q7KF42KCDM;
				GENERATE_INFOPLIST_FILE = YES;
				IPHONEOS_DEPLOYMENT_TARGET = 17.5;
				MARKETING_VERSION = 1.0;
				PRODUCT_BUNDLE_IDENTIFIER = dan.gratifyTests;
				PRODUCT_NAME = "$(TARGET_NAME)";
				SWIFT_EMIT_LOC_STRINGS = NO;
				SWIFT_VERSION = 5.0;
				TARGETED_DEVICE_FAMILY = "1,2";
				TEST_HOST = "$(BUILT_PRODUCTS_DIR)/gratify.app/$(BUNDLE_EXECUTABLE_FOLDER_PATH)/gratify";
			};
			name = Release;
		};
		AA7569152C8DFFA100325D4B /* Debug */ = {
			isa = XCBuildConfiguration;
			buildSettings = {
				ALWAYS_EMBED_SWIFT_STANDARD_LIBRARIES = YES;
				CODE_SIGN_STYLE = Automatic;
				CURRENT_PROJECT_VERSION = 1;
				DEVELOPMENT_TEAM = Q7KF42KCDM;
				GENERATE_INFOPLIST_FILE = YES;
				MARKETING_VERSION = 1.0;
				PRODUCT_BUNDLE_IDENTIFIER = dan.gratifyUITests;
				PRODUCT_NAME = "$(TARGET_NAME)";
				SWIFT_EMIT_LOC_STRINGS = NO;
				SWIFT_VERSION = 5.0;
				TARGETED_DEVICE_FAMILY = "1,2";
				TEST_TARGET_NAME = gratify;
			};
			name = Debug;
		};
		AA7569162C8DFFA100325D4B /* Release */ = {
			isa = XCBuildConfiguration;
			buildSettings = {
				ALWAYS_EMBED_SWIFT_STANDARD_LIBRARIES = YES;
				CODE_SIGN_STYLE = Automatic;
				CURRENT_PROJECT_VERSION = 1;
				DEVELOPMENT_TEAM = Q7KF42KCDM;
				GENERATE_INFOPLIST_FILE = YES;
				MARKETING_VERSION = 1.0;
				PRODUCT_BUNDLE_IDENTIFIER = dan.gratifyUITests;
				PRODUCT_NAME = "$(TARGET_NAME)";
				SWIFT_EMIT_LOC_STRINGS = NO;
				SWIFT_VERSION = 5.0;
				TARGETED_DEVICE_FAMILY = "1,2";
				TEST_TARGET_NAME = gratify;
			};
			name = Release;
		};
/* End XCBuildConfiguration section */

/* Begin XCConfigurationList section */
		AA7568E52C8DFFA000325D4B /* Build configuration list for PBXProject "gratify" */ = {
			isa = XCConfigurationList;
			buildConfigurations = (
				AA75690C2C8DFFA100325D4B /* Debug */,
				AA75690D2C8DFFA100325D4B /* Release */,
			);
			defaultConfigurationIsVisible = 0;
			defaultConfigurationName = Release;
		};
		AA75690E2C8DFFA100325D4B /* Build configuration list for PBXNativeTarget "gratify" */ = {
			isa = XCConfigurationList;
			buildConfigurations = (
				AA75690F2C8DFFA100325D4B /* Debug */,
				AA7569102C8DFFA100325D4B /* Release */,
			);
			defaultConfigurationIsVisible = 0;
			defaultConfigurationName = Release;
		};
		AA7569112C8DFFA100325D4B /* Build configuration list for PBXNativeTarget "gratifyTests" */ = {
			isa = XCConfigurationList;
			buildConfigurations = (
				AA7569122C8DFFA100325D4B /* Debug */,
				AA7569132C8DFFA100325D4B /* Release */,
			);
			defaultConfigurationIsVisible = 0;
			defaultConfigurationName = Release;
		};
		AA7569142C8DFFA100325D4B /* Build configuration list for PBXNativeTarget "gratifyUITests" */ = {
			isa = XCConfigurationList;
			buildConfigurations = (
				AA7569152C8DFFA100325D4B /* Debug */,
				AA7569162C8DFFA100325D4B /* Release */,
			);
			defaultConfigurationIsVisible = 0;
			defaultConfigurationName = Release;
		};
/* End XCConfigurationList section */
	};
	rootObject = AA7568E22C8DFFA000325D4B /* Project object */;
}
